
Microsoft Visual Studio Solution File, Format Version 12.00
# Visual Studio Version 17
VisualStudioVersion = 17.9.34723.18
MinimumVisualStudioVersion = 10.0.40219.1
Project("{9A19103F-16F7-4668-BE54-9A1E7A4F7556}") = "KI_OCRDemo_UI", "KI_OCRDemo_UI\KI_OCRDemo_UI.csproj", "{ED3C1FA2-0954-46B4-B63A-1B7AE1F107FF}"
EndProject
Project("{FAE04EC0-301F-11D3-BF4B-00C04F79EFBC}") = "CreateSearchablePDF2", "CreateSearchablePDF2\CreateSearchablePDF2.csproj", "{EE18D51F-24E0-48AF-AB9E-4DE149E9EC38}"
EndProject
Global
	GlobalSection(SolutionConfigurationPlatforms) = preSolution
		Debug|Any CPU = Debug|Any CPU
		Debug|x64 = Debug|x64
		Release|Any CPU = Release|Any CPU
		Release|x64 = Release|x64
	EndGlobalSection
	GlobalSection(ProjectConfigurationPlatforms) = postSolution
		{ED3C1FA2-0954-46B4-B63A-1B7AE1F107FF}.Debug|Any CPU.ActiveCfg = Debug|Any CPU
		{ED3C1FA2-0954-46B4-B63A-1B7AE1F107FF}.Debug|Any CPU.Build.0 = Debug|Any CPU
		{ED3C1FA2-0954-46B4-B63A-1B7AE1F107FF}.Debug|x64.ActiveCfg = Debug|x64
		{ED3C1FA2-0954-46B4-B63A-1B7AE1F107FF}.Debug|x64.Build.0 = Debug|x64
		{ED3C1FA2-0954-46B4-B63A-1B7AE1F107FF}.Release|Any CPU.ActiveCfg = Release|Any CPU
		{ED3C1FA2-0954-46B4-B63A-1B7AE1F107FF}.Release|Any CPU.Build.0 = Release|Any CPU
		{ED3C1FA2-0954-46B4-B63A-1B7AE1F107FF}.Release|x64.ActiveCfg = Release|x64
		{ED3C1FA2-0954-46B4-B63A-1B7AE1F107FF}.Release|x64.Build.0 = Release|x64
		{EE18D51F-24E0-48AF-AB9E-4DE149E9EC38}.Debug|Any CPU.ActiveCfg = Debug|Any CPU
		{EE18D51F-24E0-48AF-AB9E-4DE149E9EC38}.Debug|Any CPU.Build.0 = Debug|Any CPU
		{EE18D51F-24E0-48AF-AB9E-4DE149E9EC38}.Debug|x64.ActiveCfg = Debug|Any CPU
		{EE18D51F-24E0-48AF-AB9E-4DE149E9EC38}.Debug|x64.Build.0 = Debug|Any CPU
		{EE18D51F-24E0-48AF-AB9E-4DE149E9EC38}.Release|Any CPU.ActiveCfg = Release|Any CPU
		{EE18D51F-24E0-48AF-AB9E-4DE149E9EC38}.Release|Any CPU.Build.0 = Release|Any CPU
		{EE18D51F-24E0-48AF-AB9E-4DE149E9EC38}.Release|x64.ActiveCfg = Release|Any CPU
		{EE18D51F-24E0-48AF-AB9E-4DE149E9EC38}.Release|x64.Build.0 = Release|Any CPU
	EndGlobalSection
	GlobalSection(SolutionProperties) = preSolution
		HideSolutionNode = FALSE
	EndGlobalSection
	GlobalSection(ExtensibilityGlobals) = postSolution
		SolutionGuid = {58C91ABD-AAF8-43EB-9C58-5E470D3D5C4A}
	EndGlobalSection
EndGlobal
